
Microsoft Visual Studio Solution File, Format Version 12.00
# Visual Studio Version 17
VisualStudioVersion = 17.9.34728.123
MinimumVisualStudioVersion = 10.0.40219.1
Project("{9A19103F-16F7-4668-BE54-9A1E7A4F7556}") = "Vehicle.API", "Vehicle.API\Vehicle.API.csproj", "{38A8058D-0150-496D-B462-02CF87723D58}"
EndProject
Project("{9A19103F-16F7-4668-BE54-9A1E7A4F7556}") = "VMSClient", "VMSClient\VMSClient.csproj", "{CCFA9972-9022-4BA7-A635-D2F1ACB1461B}"
EndProject
Project("{9A19103F-16F7-4668-BE54-9A1E7A4F7556}") = "GlobalIdentityProvider", "GlobalIdentityProvider\GlobalIdentityProvider.csproj", "{2AB163D9-DE1D-471C-B636-E64AF5076F56}"
EndProject
Global
	GlobalSection(SolutionConfigurationPlatforms) = preSolution
		Debug|Any CPU = Debug|Any CPU
		Release|Any CPU = Release|Any CPU
	EndGlobalSection
	GlobalSection(ProjectConfigurationPlatforms) = postSolution
		{38A8058D-0150-496D-B462-02CF87723D58}.Debug|Any CPU.ActiveCfg = Debug|Any CPU
		{38A8058D-0150-496D-B462-02CF87723D58}.Debug|Any CPU.Build.0 = Debug|Any CPU
		{38A8058D-0150-496D-B462-02CF87723D58}.Release|Any CPU.ActiveCfg = Release|Any CPU
		{38A8058D-0150-496D-B462-02CF87723D58}.Release|Any CPU.Build.0 = Release|Any CPU
		{CCFA9972-9022-4BA7-A635-D2F1ACB1461B}.Debug|Any CPU.ActiveCfg = Debug|Any CPU
		{CCFA9972-9022-4BA7-A635-D2F1ACB1461B}.Debug|Any CPU.Build.0 = Debug|Any CPU
		{CCFA9972-9022-4BA7-A635-D2F1ACB1461B}.Release|Any CPU.ActiveCfg = Release|Any CPU
		{CCFA9972-9022-4BA7-A635-D2F1ACB1461B}.Release|Any CPU.Build.0 = Release|Any CPU
		{2AB163D9-DE1D-471C-B636-E64AF5076F56}.Debug|Any CPU.ActiveCfg = Debug|Any CPU
		{2AB163D9-DE1D-471C-B636-E64AF5076F56}.Debug|Any CPU.Build.0 = Debug|Any CPU
		{2AB163D9-DE1D-471C-B636-E64AF5076F56}.Release|Any CPU.ActiveCfg = Release|Any CPU
		{2AB163D9-DE1D-471C-B636-E64AF5076F56}.Release|Any CPU.Build.0 = Release|Any CPU
	EndGlobalSection
	GlobalSection(SolutionProperties) = preSolution
		HideSolutionNode = FALSE
	EndGlobalSection
	GlobalSection(ExtensibilityGlobals) = postSolution
		SolutionGuid = {4B530DD6-2C72-498E-AE9D-6640EED872DE}
	EndGlobalSection
EndGlobal
